schema: '2.0'
stages:
  data_ingestion:
    cmd: python -m crop_recommendation.pipeline.01_data_ingestion_pipeline
    deps:
    - path: Data/raw/Crop_recommendation.csv
      hash: md5
      md5: 5e743dd4cf49f84d23a904cd51c9b5b8
      size: 150034
    - path: config/config.yaml
      hash: md5
      md5: 561b255d9b82a07f02711f034937fc29
      size: 421
    outs:
    - path: artifacts/data_ingestion/test.csv
      hash: md5
      md5: 7da7577b2478f3a81ed1cfc1f40602ff
      size: 29683
    - path: artifacts/data_ingestion/train.csv
      hash: md5
      md5: 720b2955bd37b8cb8b6d639ce32ab9fa
      size: 118179
  data_validation:
    cmd: python -m crop_recommendation.pipeline.02_data_validation_pipeline
    deps:
    - path: artifacts/data_ingestion/train.csv
      hash: md5
      md5: 720b2955bd37b8cb8b6d639ce32ab9fa
      size: 118179
    - path: config/config.yaml
      hash: md5
      md5: 561b255d9b82a07f02711f034937fc29
      size: 421
    - path: config/schema.yaml
      hash: md5
      md5: 58ac79dc7aac62f88404417fc11757af
      size: 117
    - path: src/crop_recommendation/components/data_validation.py
      hash: md5
      md5: 9405ee2994785c972a6d411417b4cc2c
      size: 1855
    outs:
    - path: artifacts/data_validation/status.txt
      hash: md5
      md5: f827cf462f62848df37c5e1e94a4da74
      size: 4
